# THIS IS AN AUTOGENERATED FILE. DO NOT EDIT THIS FILE DIRECTLY.
# yarn lockfile v1


doc-ready@^1.0.4:
  version "1.0.4"
  resolved "https://registry.yarnpkg.com/doc-ready/-/doc-ready-1.0.4.tgz#37f5391969cff994303fdfef2e5d50357f8164d3"
  dependencies:
    eventie "^1"

electron-prompt@^1.6.0:
  version "1.6.0"
  resolved "https://registry.yarnpkg.com/electron-prompt/-/electron-prompt-1.6.0.tgz#9ed8fa372c331c589f2cb5d3a6abf29d4965be31"
  dependencies:
    doc-ready "^1.0.4"

eventie@^1:
  version "1.0.6"
  resolved "https://registry.yarnpkg.com/eventie/-/eventie-1.0.6.tgz#d4ffc8b0c2b5e493c2aa1b22cbe918d3aee74437"
